
Microsoft Visual Studio Solution File, Format Version 12.00
# Visual Studio Version 17
VisualStudioVersion = 17.10.35122.118
MinimumVisualStudioVersion = 10.0.40219.1
Project("{FAE04EC0-301F-11D3-BF4B-00C04F79EFBC}") = "MauiAppHotel", "MauiAppHotel\MauiAppHotel.csproj", "{C641E6D0-52DF-4BD7-B225-6A9DC684974E}"
EndProject
Global
	GlobalSection(SolutionConfigurationPlatforms) = preSolution
		Debug|Any CPU = Debug|Any CPU
		Release|Any CPU = Release|Any CPU
	EndGlobalSection
	GlobalSection(ProjectConfigurationPlatforms) = postSolution
		{C641E6D0-52DF-4BD7-B225-6A9DC684974E}.Debug|Any CPU.ActiveCfg = Debug|Any CPU
		{C641E6D0-52DF-4BD7-B225-6A9DC684974E}.Debug|Any CPU.Build.0 = Debug|Any CPU
		{C641E6D0-52DF-4BD7-B225-6A9DC684974E}.Debug|Any CPU.Deploy.0 = Debug|Any CPU
		{C641E6D0-52DF-4BD7-B225-6A9DC684974E}.Release|Any CPU.ActiveCfg = Release|Any CPU
		{C641E6D0-52DF-4BD7-B225-6A9DC684974E}.Release|Any CPU.Build.0 = Release|Any CPU
		{C641E6D0-52DF-4BD7-B225-6A9DC684974E}.Release|Any CPU.Deploy.0 = Release|Any CPU
	EndGlobalSection
	GlobalSection(SolutionProperties) = preSolution
		HideSolutionNode = FALSE
	EndGlobalSection
	GlobalSection(ExtensibilityGlobals) = postSolution
		SolutionGuid = {0D134E7B-4A7E-4D61-9586-38F69EC5023E}
	EndGlobalSection
EndGlobal
